// !$*UTF8*$!
{
	archiveVersion = 1;
	classes = {
	};
	objectVersion = 48;
	objects = {

/* Begin PBXBuildFile section */
		5C15D59F2048E1F200CD5580 /* AppDelegate.m in Sources */ = {isa = PBXBuildFile; fileRef = 5C15D59E2048E1F200CD5580 /* AppDelegate.m */; };
		5C15D5A22048E1F200CD5580 /* ViewController.m in Sources */ = {isa = PBXBuildFile; fileRef = 5C15D5A12048E1F200CD5580 /* ViewController.m */; };
		5C15D5A52048E1F200CD5580 /* Main.storyboard in Resources */ = {isa = PBXBuildFile; fileRef = 5C15D5A32048E1F200CD5580 /* Main.storyboard */; };
		5C15D5A72048E1F200CD5580 /* Assets.xcassets in Resources */ = {isa = PBXBuildFile; fileRef = 5C15D5A62048E1F200CD5580 /* Assets.xcassets */; };
		5C15D5AA2048E1F200CD5580 /* LaunchScreen.storyboard in Resources */ = {isa = PBXBuildFile; fileRef = 5C15D5A82048E1F200CD5580 /* LaunchScreen.storyboard */; };
		5C15D5AD2048E1F200CD5580 /* main.m in Sources */ = {isa = PBXBuildFile; fileRef = 5C15D5AC2048E1F200CD5580 /* main.m */; };
		5C15D5B72048E1F200CD5580 /* GetNowTimeTests.m in Sources */ = {isa = PBXBuildFile; fileRef = 5C15D5B62048E1F200CD5580 /* GetNowTimeTests.m */; };
		5C15D5C22048E1F200CD5580 /* GetNowTimeUITests.m in Sources */ = {isa = PBXBuildFile; fileRef = 5C15D5C12048E1F200CD5580 /* GetNowTimeUITests.m */; };
		5C15D5DE2048E1FE00CD5580 /* ntp.hosts in Resources */ = {isa = PBXBuildFile; fileRef = 5C15D5D02048E1FD00CD5580 /* ntp.hosts */; };
		5C15D5DF2048E1FE00CD5580 /* GCDAsyncUdpSocket.m in Sources */ = {isa = PBXBuildFile; fileRef = 5C15D5D22048E1FD00CD5580 /* GCDAsyncUdpSocket.m */; };
		5C15D5E02048E1FE00CD5580 /* NSDate+NetworkClock.m in Sources */ = {isa = PBXBuildFile; fileRef = 5C15D5D72048E1FE00CD5580 /* NSDate+NetworkClock.m */; };
		5C15D5E12048E1FE00CD5580 /* Notes in Resources */ = {isa = PBXBuildFile; fileRef = 5C15D5D82048E1FE00CD5580 /* Notes */; };
		5C15D5E22048E1FE00CD5580 /* NetAssociation.m in Sources */ = {isa = PBXBuildFile; fileRef = 5C15D5DC2048E1FE00CD5580 /* NetAssociation.m */; };
		5C15D5E32048E1FE00CD5580 /* NetworkClock.m in Sources */ = {isa = PBXBuildFile; fileRef = 5C15D5DD2048E1FE00CD5580 /* NetworkClock.m */; };
		5C15D5E62048E2C000CD5580 /* HDateChange.m in Sources */ = {isa = PBXBuildFile; fileRef = 5C15D5E42048E2C000CD5580 /* HDateChange.m */; };
/* End PBXBuildFile section */

/* Begin PBXContainerItemProxy section */
		5C15D5B32048E1F200CD5580 /* PBXContainerItemProxy */ = {
			isa = PBXContainerItemProxy;
			containerPortal = 5C15D5922048E1F200CD5580 /* Project object */;
			proxyType = 1;
			remoteGlobalIDString = 5C15D5992048E1F200CD5580;
			remoteInfo = GetNowTime;
		};
		5C15D5BE2048E1F200CD5580 /* PBXContainerItemProxy */ = {
			isa = PBXContainerItemProxy;
			containerPortal = 5C15D5922048E1F200CD5580 /* Project object */;
			proxyType = 1;
			remoteGlobalIDString = 5C15D5992048E1F200CD5580;
			remoteInfo = GetNowTime;
		};
/* End PBXContainerItemProxy section */

/* Begin PBXFileReference section */
		5C15D59A2048E1F200CD5580 /* GetNowTime.app */ = {isa = PBXFileReference; explicitFileType = wrapper.application; includeInIndex = 0; path = GetNowTime.app; sourceTree = BUILT_PRODUCTS_DIR; };
		5C15D59D2048E1F200CD5580 /* AppDelegate.h */ = {isa = PBXFileReference; lastKnownFileType = sourcecode.c.h; path = AppDelegate.h; sourceTree = "<group>"; };
		5C15D59E2048E1F200CD5580 /* AppDelegate.m */ = {isa = PBXFileReference; lastKnownFileType = sourcecode.c.objc; path = AppDelegate.m; sourceTree = "<group>"; };
		5C15D5A02048E1F200CD5580 /* ViewController.h */ = {isa = PBXFileReference; lastKnownFileType = sourcecode.c.h; path = ViewController.h; sourceTree = "<group>"; };
		5C15D5A12048E1F200CD5580 /* ViewController.m */ = {isa = PBXFileReference; lastKnownFileType = sourcecode.c.objc; path = ViewController.m; sourceTree = "<group>"; };
		5C15D5A42048E1F200CD5580 /* Base */ = {isa = PBXFileReference; lastKnownFileType = file.storyboard; name = Base; path = Base.lproj/Main.storyboard; sourceTree = "<group>"; };
		5C15D5A62048E1F200CD5580 /* Assets.xcassets */ = {isa = PBXFileReference; lastKnownFileType = folder.assetcatalog; path = Assets.xcassets; sourceTree = "<group>"; };
		5C15D5A92048E1F200CD5580 /* Base */ = {isa = PBXFileReference; lastKnownFileType = file.storyboard; name = Base; path = Base.lproj/LaunchScreen.storyboard; sourceTree = "<group>"; };
		5C15D5AB2048E1F200CD5580 /* Info.plist */ = {isa = PBXFileReference; lastKnownFileType = text.plist.xml; path = Info.plist; sourceTree = "<group>"; };
		5C15D5AC2048E1F200CD5580 /* main.m */ = {isa = PBXFileReference; lastKnownFileType = sourcecode.c.objc; path = main.m; sourceTree = "<group>"; };
		5C15D5B22048E1F200CD5580 /* GetNowTimeTests.xctest */ = {isa = PBXFileReference; explicitFileType = wrapper.cfbundle; includeInIndex = 0; path = GetNowTimeTests.xctest; sourceTree = BUILT_PRODUCTS_DIR; };
		5C15D5B62048E1F200CD5580 /* GetNowTimeTests.m */ = {isa = PBXFileReference; lastKnownFileType = sourcecode.c.objc; path = GetNowTimeTests.m; sourceTree = "<group>"; };
		5C15D5B82048E1F200CD5580 /* Info.plist */ = {isa = PBXFileReference; lastKnownFileType = text.plist.xml; path = Info.plist; sourceTree = "<group>"; };
		5C15D5BD2048E1F200CD5580 /* GetNowTimeUITests.xctest */ = {isa = PBXFileReference; explicitFileType = wrapper.cfbundle; includeInIndex = 0; path = GetNowTimeUITests.xctest; sourceTree = BUILT_PRODUCTS_DIR; };
		5C15D5C12048E1F200CD5580 /* GetNowTimeUITests.m */ = {isa = PBXFileReference; lastKnownFileType = sourcecode.c.objc; path = GetNowTimeUITests.m; sourceTree = "<group>"; };
		5C15D5C32048E1F200CD5580 /* Info.plist */ = {isa = PBXFileReference; lastKnownFileType = text.plist.xml; path = Info.plist; sourceTree = "<group>"; };
		5C15D5D02048E1FD00CD5580 /* ntp.hosts */ = {isa = PBXFileReference; fileEncoding = 4; lastKnownFileType = text; path = ntp.hosts; sourceTree = "<group>"; };
		5C15D5D22048E1FD00CD5580 /* GCDAsyncUdpSocket.m */ = {isa = PBXFileReference; fileEncoding = 4; lastKnownFileType = sourcecode.c.objc; path = GCDAsyncUdpSocket.m; sourceTree = "<group>"; };
		5C15D5D32048E1FD00CD5580 /* GCDAsyncUdpSocket.h */ = {isa = PBXFileReference; fileEncoding = 4; lastKnownFileType = sourcecode.c.h; path = GCDAsyncUdpSocket.h; sourceTree = "<group>"; };
		5C15D5D52048E1FE00CD5580 /* NetworkClock.h */ = {isa = PBXFileReference; fileEncoding = 4; lastKnownFileType = sourcecode.c.h; path = NetworkClock.h; sourceTree = "<group>"; };
		5C15D5D62048E1FE00CD5580 /* NetAssociation.h */ = {isa = PBXFileReference; fileEncoding = 4; lastKnownFileType = sourcecode.c.h; path = NetAssociation.h; sourceTree = "<group>"; };
		5C15D5D72048E1FE00CD5580 /* NSDate+NetworkClock.m */ = {isa = PBXFileReference; fileEncoding = 4; lastKnownFileType = sourcecode.c.objc; path = "NSDate+NetworkClock.m"; sourceTree = "<group>"; };
		5C15D5D82048E1FE00CD5580 /* Notes */ = {isa = PBXFileReference; fileEncoding = 4; lastKnownFileType = text; path = Notes; sourceTree = "<group>"; };
		5C15D5D92048E1FE00CD5580 /* ios-ntp.h */ = {isa = PBXFileReference; fileEncoding = 4; lastKnownFileType = sourcecode.c.h; path = "ios-ntp.h"; sourceTree = "<group>"; };
		5C15D5DA2048E1FE00CD5580 /* ntp-log.h */ = {isa = PBXFileReference; fileEncoding = 4; lastKnownFileType = sourcecode.c.h; path = "ntp-log.h"; sourceTree = "<group>"; };
		5C15D5DB2048E1FE00CD5580 /* NSDate+NetworkClock.h */ = {isa = PBXFileReference; fileEncoding = 4; lastKnownFileType = sourcecode.c.h; path = "NSDate+NetworkClock.h"; sourceTree = "<group>"; };
		5C15D5DC2048E1FE00CD5580 /* NetAssociation.m */ = {isa = PBXFileReference; fileEncoding = 4; lastKnownFileType = sourcecode.c.objc; path = NetAssociation.m; sourceTree = "<group>"; };
		5C15D5DD2048E1FE00CD5580 /* NetworkClock.m */ = {isa = PBXFileReference; fileEncoding = 4; lastKnownFileType = sourcecode.c.objc; path = NetworkClock.m; sourceTree = "<group>"; };
		5C15D5E42048E2C000CD5580 /* HDateChange.m */ = {isa = PBXFileReference; fileEncoding = 4; lastKnownFileType = sourcecode.c.objc; path = HDateChange.m; sourceTree = "<group>"; };
		5C15D5E52048E2C000CD5580 /* HDateChange.h */ = {isa = PBXFileReference; fileEncoding = 4; lastKnownFileType = sourcecode.c.h; path = HDateChange.h; sourceTree = "<group>"; };
/* End PBXFileReference section */

/* Begin PBXFrameworksBuildPhase section */
		5C15D5972048E1F200CD5580 /* Frameworks */ = {
			isa = PBXFrameworksBuildPhase;
			buildActionMask = 2147483647;
			files = (
			);
			runOnlyForDeploymentPostprocessing = 0;
		};
		5C15D5AF2048E1F200CD5580 /* Frameworks */ = {
			isa = PBXFrameworksBuildPhase;
			buildActionMask = 2147483647;
			files = (
			);
			runOnlyForDeploymentPostprocessing = 0;
		};
		5C15D5BA2048E1F200CD5580 /* Frameworks */ = {
			isa = PBXFrameworksBuildPhase;
			buildActionMask = 2147483647;
			files = (
			);
			runOnlyForDeploymentPostprocessing = 0;
		};
/* End PBXFrameworksBuildPhase section */

/* Begin PBXGroup section */
		5C15D5912048E1F200CD5580 = {
			isa = PBXGroup;
			children = (
				5C15D59C2048E1F200CD5580 /* GetNowTime */,
				5C15D5B52048E1F200CD5580 /* GetNowTimeTests */,
				5C15D5C02048E1F200CD5580 /* GetNowTimeUITests */,
				5C15D59B2048E1F200CD5580 /* Products */,
			);
			sourceTree = "<group>";
		};
		5C15D59B2048E1F200CD5580 /* Products */ = {
			isa = PBXGroup;
			children = (
				5C15D59A2048E1F200CD5580 /* GetNowTime.app */,
				5C15D5B22048E1F200CD5580 /* GetNowTimeTests.xctest */,
				5C15D5BD2048E1F200CD5580 /* GetNowTimeUITests.xctest */,
			);
			name = Products;
			sourceTree = "<group>";
		};
		5C15D59C2048E1F200CD5580 /* GetNowTime */ = {
			isa = PBXGroup;
			children = (
				5C15D5CF2048E1FD00CD5580 /* NTPServer */,
				5C15D59D2048E1F200CD5580 /* AppDelegate.h */,
				5C15D59E2048E1F200CD5580 /* AppDelegate.m */,
				5C15D5A02048E1F200CD5580 /* ViewController.h */,
				5C15D5A12048E1F200CD5580 /* ViewController.m */,
				5C15D5A32048E1F200CD5580 /* Main.storyboard */,
				5C15D5A62048E1F200CD5580 /* Assets.xcassets */,
				5C15D5A82048E1F200CD5580 /* LaunchScreen.storyboard */,
				5C15D5AB2048E1F200CD5580 /* Info.plist */,
				5C15D5AC2048E1F200CD5580 /* main.m */,
			);
			path = GetNowTime;
			sourceTree = "<group>";
		};
		5C15D5B52048E1F200CD5580 /* GetNowTimeTests */ = {
			isa = PBXGroup;
			children = (
				5C15D5B62048E1F200CD5580 /* GetNowTimeTests.m */,
				5C15D5B82048E1F200CD5580 /* Info.plist */,
			);
			path = GetNowTimeTests;
			sourceTree = "<group>";
		};
		5C15D5C02048E1F200CD5580 /* GetNowTimeUITests */ = {
			isa = PBXGroup;
			children = (
				5C15D5C12048E1F200CD5580 /* GetNowTimeUITests.m */,
				5C15D5C32048E1F200CD5580 /* Info.plist */,
			);
			path = GetNowTimeUITests;
			sourceTree = "<group>";
		};
		5C15D5CF2048E1FD00CD5580 /* NTPServer */ = {
			isa = PBXGroup;
			children = (
				5C15D5E52048E2C000CD5580 /* HDateChange.h */,
				5C15D5E42048E2C000CD5580 /* HDateChange.m */,
				5C15D5D02048E1FD00CD5580 /* ntp.hosts */,
				5C15D5D12048E1FD00CD5580 /* network-udp */,
				5C15D5D42048E1FD00CD5580 /* ios-ntp-lib */,
			);
			path = NTPServer;
			sourceTree = "<group>";
		};
		5C15D5D12048E1FD00CD5580 /* network-udp */ = {
			isa = PBXGroup;
			children = (
				5C15D5D22048E1FD00CD5580 /* GCDAsyncUdpSocket.m */,
				5C15D5D32048E1FD00CD5580 /* GCDAsyncUdpSocket.h */,
			);
			path = "network-udp";
			sourceTree = "<group>";
		};
		5C15D5D42048E1FD00CD5580 /* ios-ntp-lib */ = {
			isa = PBXGroup;
			children = (
				5C15D5D52048E1FE00CD5580 /* NetworkClock.h */,
				5C15D5D62048E1FE00CD5580 /* NetAssociation.h */,
				5C15D5D72048E1FE00CD5580 /* NSDate+NetworkClock.m */,
				5C15D5D82048E1FE00CD5580 /* Notes */,
				5C15D5D92048E1FE00CD5580 /* ios-ntp.h */,
				5C15D5DA2048E1FE00CD5580 /* ntp-log.h */,
				5C15D5DB2048E1FE00CD5580 /* NSDate+NetworkClock.h */,
				5C15D5DC2048E1FE00CD5580 /* NetAssociation.m */,
				5C15D5DD2048E1FE00CD5580 /* NetworkClock.m */,
			);
			path = "ios-ntp-lib";
			sourceTree = "<group>";
		};
/* End PBXGroup section */

/* Begin PBXNativeTarget section */
		5C15D5992048E1F200CD5580 /* GetNowTime */ = {
			isa = PBXNativeTarget;
			buildConfigurationList = 5C15D5C62048E1F200CD5580 /* Build configuration list for PBXNativeTarget "GetNowTime" */;
			buildPhases = (
				5C15D5962048E1F200CD5580 /* Sources */,
				5C15D5972048E1F200CD5580 /* Frameworks */,
				5C15D5982048E1F200CD5580 /* Resources */,
			);
			buildRules = (
			);
			dependencies = (
			);
			name = GetNowTime;
			productName = GetNowTime;
			productReference = 5C15D59A2048E1F200CD5580 /* GetNowTime.app */;
			productType = "com.apple.product-type.application";
		};
		5C15D5B12048E1F200CD5580 /* GetNowTimeTests */ = {
			isa = PBXNativeTarget;
			buildConfigurationList = 5C15D5C92048E1F200CD5580 /* Build configuration list for PBXNativeTarget "GetNowTimeTests" */;
			buildPhases = (
				5C15D5AE2048E1F200CD5580 /* Sources */,
				5C15D5AF2048E1F200CD5580 /* Frameworks */,
				5C15D5B02048E1F200CD5580 /* Resources */,
			);
			buildRules = (
			);
			dependencies = (
				5C15D5B42048E1F200CD5580 /* PBXTargetDependency */,
			);
			name = GetNowTimeTests;
			productName = GetNowTimeTests;
			productReference = 5C15D5B22048E1F200CD5580 /* GetNowTimeTests.xctest */;
			productType = "com.apple.product-type.bundle.unit-test";
		};
		5C15D5BC2048E1F200CD5580 /* GetNowTimeUITests */ = {
			isa = PBXNativeTarget;
			buildConfigurationList = 5C15D5CC2048E1F200CD5580 /* Build configuration list for PBXNativeTarget "GetNowTimeUITests" */;
			buildPhases = (
				5C15D5B92048E1F200CD5580 /* Sources */,
				5C15D5BA2048E1F200CD5580 /* Frameworks */,
				5C15D5BB2048E1F200CD5580 /* Resources */,
			);
			buildRules = (
			);
			dependencies = (
				5C15D5BF2048E1F200CD5580 /* PBXTargetDependency */,
			);
			name = GetNowTimeUITests;
			productName = GetNowTimeUITests;
			productReference = 5C15D5BD2048E1F200CD5580 /* GetNowTimeUITests.xctest */;
			productType = "com.apple.product-type.bundle.ui-testing";
		};
/* End PBXNativeTarget section */

/* Begin PBXProject section */
		5C15D5922048E1F200CD5580 /* Project object */ = {
			isa = PBXProject;
			attributes = {
				LastUpgradeCheck = 0920;
				ORGANIZATIONNAME = YunTong;
				TargetAttributes = {
					5C15D5992048E1F200CD5580 = {
						CreatedOnToolsVersion = 9.2;
						ProvisioningStyle = Automatic;
					};
					5C15D5B12048E1F200CD5580 = {
						CreatedOnToolsVersion = 9.2;
						ProvisioningStyle = Automatic;
						TestTargetID = 5C15D5992048E1F200CD5580;
					};
					5C15D5BC2048E1F200CD5580 = {
						CreatedOnToolsVersion = 9.2;
						ProvisioningStyle = Automatic;
						TestTargetID = 5C15D5992048E1F200CD5580;
					};
				};
			};
			buildConfigurationList = 5C15D5952048E1F200CD5580 /* Build configuration list for PBXProject "GetNowTime" */;
			compatibilityVersion = "Xcode 8.0";
			developmentRegion = en;
			hasScannedForEncodings = 0;
			knownRegions = (
				en,
				Base,
			);
			mainGroup = 5C15D5912048E1F200CD5580;
			productRefGroup = 5C15D59B2048E1F200CD5580 /* Products */;
			projectDirPath = "";
			projectRoot = "";
			targets = (
				5C15D5992048E1F200CD5580 /* GetNowTime */,
				5C15D5B12048E1F200CD5580 /* GetNowTimeTests */,
				5C15D5BC2048E1F200CD5580 /* GetNowTimeUITests */,
			);
		};
/* End PBXProject section */

/* Begin PBXResourcesBuildPhase section */
		5C15D5982048E1F200CD5580 /* Resources */ = {
			isa = PBXResourcesBuildPhase;
			buildActionMask = 2147483647;
			files = (
				5C15D5AA2048E1F200CD5580 /* LaunchScreen.storyboard in Resources */,
				5C15D5E12048E1FE00CD5580 /* Notes in Resources */,
				5C15D5A72048E1F200CD5580 /* Assets.xcassets in Resources */,
				5C15D5DE2048E1FE00CD5580 /* ntp.hosts in Resources */,
				5C15D5A52048E1F200CD5580 /* Main.storyboard in Resources */,
			);
			runOnlyForDeploymentPostprocessing = 0;
		};
		5C15D5B02048E1F200CD5580 /* Resources */ = {
			isa = PBXResourcesBuildPhase;
			buildActionMask = 2147483647;
			files = (
			);
			runOnlyForDeploymentPostprocessing = 0;
		};
		5C15D5BB2048E1F200CD5580 /* Resources */ = {
			isa = PBXResourcesBuildPhase;
			buildActionMask = 2147483647;
			files = (
			);
			runOnlyForDeploymentPostprocessing = 0;
		};
/* End PBXResourcesBuildPhase section */

/* Begin PBXSourcesBuildPhase section */
		5C15D5962048E1F200CD5580 /* Sources */ = {
			isa = PBXSourcesBuildPhase;
			buildActionMask = 2147483647;
			files = (
				5C15D5E32048E1FE00CD5580 /* NetworkClock.m in Sources */,
				5C15D5DF2048E1FE00CD5580 /* GCDAsyncUdpSocket.m in Sources */,
				5C15D5A22048E1F200CD5580 /* ViewController.m in Sources */,
				5C15D5E02048E1FE00CD5580 /* NSDate+NetworkClock.m in Sources */,
				5C15D5E62048E2C000CD5580 /* HDateChange.m in Sources */,
				5C15D5AD2048E1F200CD5580 /* main.m in Sources */,
				5C15D59F2048E1F200CD5580 /* AppDelegate.m in Sources */,
				5C15D5E22048E1FE00CD5580 /* NetAssociation.m in Sources */,
			);
			runOnlyForDeploymentPostprocessing = 0;
		};
		5C15D5AE2048E1F200CD5580 /* Sources */ = {
			isa = PBXSourcesBuildPhase;
			buildActionMask = 2147483647;
			files = (
				5C15D5B72048E1F200CD5580 /* GetNowTimeTests.m in Sources */,
			);
			runOnlyForDeploymentPostprocessing = 0;
		};
		5C15D5B92048E1F200CD5580 /* Sources */ = {
			isa = PBXSourcesBuildPhase;
			buildActionMask = 2147483647;
			files = (
				5C15D5C22048E1F200CD5580 /* GetNowTimeUITests.m in Sources */,
			);
			runOnlyForDeploymentPostprocessing = 0;
		};
/* End PBXSourcesBuildPhase section */

/* Begin PBXTargetDependency section */
		5C15D5B42048E1F200CD5580 /* PBXTargetDependency */ = {
			isa = PBXTargetDependency;
			target = 5C15D5992048E1F200CD5580 /* GetNowTime */;
			targetProxy = 5C15D5B32048E1F200CD5580 /* PBXContainerItemProxy */;
		};
		5C15D5BF2048E1F200CD5580 /* PBXTargetDependency */ = {
			isa = PBXTargetDependency;
			target = 5C15D5992048E1F200CD5580 /* GetNowTime */;
			targetProxy = 5C15D5BE2048E1F200CD5580 /* PBXContainerItemProxy */;
		};
/* End PBXTargetDependency section */

/* Begin PBXVariantGroup section */
		5C15D5A32048E1F200CD5580 /* Main.storyboard */ = {
			isa = PBXVariantGroup;
			children = (
				5C15D5A42048E1F200CD5580 /* Base */,
			);
			name = Main.storyboard;
			sourceTree = "<group>";
		};
		5C15D5A82048E1F200CD5580 /* LaunchScreen.storyboard */ = {
			isa = PBXVariantGroup;
			children = (
				5C15D5A92048E1F200CD5580 /* Base */,
			);
			name = LaunchScreen.storyboard;
			sourceTree = "<group>";
		};
/* End PBXVariantGroup section */

/* Begin XCBuildConfiguration section */
		5C15D5C42048E1F200CD5580 /* Debug */ = {
			isa = XCBuildConfiguration;
			buildSettings = {
				ALWAYS_SEARCH_USER_PATHS = NO;
				CLANG_ANALYZER_NONNULL = YES;
				CLANG_ANALYZER_NUMBER_OBJECT_CONVERSION = YES_AGGRESSIVE;
				CLANG_CXX_LANGUAGE_STANDARD = "gnu++14";
				CLANG_CXX_LIBRARY = "libc++";
				CLANG_ENABLE_MODULES = YES;
				CLANG_ENABLE_OBJC_ARC = YES;
				CLANG_WARN_BLOCK_CAPTURE_AUTORELEASING = YES;
				CLANG_WARN_BOOL_CONVERSION = YES;
				CLANG_WARN_COMMA = YES;
				CLANG_WARN_CONSTANT_CONVERSION = YES;
				CLANG_WARN_DIRECT_OBJC_ISA_USAGE = YES_ERROR;
				CLANG_WARN_DOCUMENTATION_COMMENTS = YES;
				CLANG_WARN_EMPTY_BODY = YES;
				CLANG_WARN_ENUM_CONVERSION = YES;
				CLANG_WARN_INFINITE_RECURSION = YES;
				CLANG_WARN_INT_CONVERSION = YES;
				CLANG_WARN_NON_LITERAL_NULL_CONVERSION = YES;
				CLANG_WARN_OBJC_LITERAL_CONVERSION = YES;
				CLANG_WARN_OBJC_ROOT_CLASS = YES_ERROR;
				CLANG_WARN_RANGE_LOOP_ANALYSIS = YES;
				CLANG_WARN_STRICT_PROTOTYPES = YES;
				CLANG_WARN_SUSPICIOUS_MOVE = YES;
				CLANG_WARN_UNGUARDED_AVAILABILITY = YES_AGGRESSIVE;
				CLANG_WARN_UNREACHABLE_CODE = YES;
				CLANG_WARN__DUPLICATE_METHOD_MATCH = YES;
				CODE_SIGN_IDENTITY = "iPhone Developer";
				COPY_PHASE_STRIP = NO;
				DEBUG_INFORMATION_FORMAT = dwarf;
				ENABLE_STRICT_OBJC_MSGSEND = YES;
				ENABLE_TESTABILITY = YES;
				GCC_C_LANGUAGE_STANDARD = gnu11;
				GCC_DYNAMIC_NO_PIC = NO;
				GCC_NO_COMMON_BLOCKS = YES;
				GCC_OPTIMIZATION_LEVEL = 0;
				GCC_PREPROCESSOR_DEFINITIONS = (
					"DEBUG=1",
					"$(inherited)",
				);
				GCC_WARN_64_TO_32_BIT_CONVERSION = YES;
				GCC_WARN_ABOUT_RETURN_TYPE = YES_ERROR;
				GCC_WARN_UNDECLARED_SELECTOR = YES;
				GCC_WARN_UNINITIALIZED_AUTOS = YES_AGGRESSIVE;
				GCC_WARN_UNUSED_FUNCTION = YES;
				GCC_WARN_UNUSED_VARIABLE = YES;
				IPHONEOS_DEPLOYMENT_TARGET = 11.2;
				MTL_ENABLE_DEBUG_INFO = YES;
				ONLY_ACTIVE_ARCH = YES;
				SDKROOT = iphoneos;
			};
			name = Debug;
		};
		5C15D5C52048E1F200CD5580 /* Release */ = {
			isa = XCBuildConfiguration;
			buildSettings = {
				ALWAYS_SEARCH_USER_PATHS = NO;
				CLANG_ANALYZER_NONNULL = YES;
				CLANG_ANALYZER_NUMBER_OBJECT_CONVERSION = YES_AGGRESSIVE;
				CLANG_CXX_LANGUAGE_STANDARD = "gnu++14";
				CLANG_CXX_LIBRARY = "libc++";
				CLANG_ENABLE_MODULES = YES;
				CLANG_ENABLE_OBJC_ARC = YES;
				CLANG_WARN_BLOCK_CAPTURE_AUTORELEASING = YES;
				CLANG_WARN_BOOL_CONVERSION = YES;
				CLANG_WARN_COMMA = YES;
				CLANG_WARN_CONSTANT_CONVERSION = YES;
				CLANG_WARN_DIRECT_OBJC_ISA_USAGE = YES_ERROR;
				CLANG_WARN_DOCUMENTATION_COMMENTS = YES;
				CLANG_WARN_EMPTY_BODY = YES;
				CLANG_WARN_ENUM_CONVERSION = YES;
				CLANG_WARN_INFINITE_RECURSION = YES;
				CLANG_WARN_INT_CONVERSION = YES;
				CLANG_WARN_NON_LITERAL_NULL_CONVERSION = YES;
				CLANG_WARN_OBJC_LITERAL_CONVERSION = YES;
				CLANG_WARN_OBJC_ROOT_CLASS = YES_ERROR;
				CLANG_WARN_RANGE_LOOP_ANALYSIS = YES;
				CLANG_WARN_STRICT_PROTOTYPES = YES;
				CLANG_WARN_SUSPICIOUS_MOVE = YES;
				CLANG_WARN_UNGUARDED_AVAILABILITY = YES_AGGRESSIVE;
				CLANG_WARN_UNREACHABLE_CODE = YES;
				CLANG_WARN__DUPLICATE_METHOD_MATCH = YES;
				CODE_SIGN_IDENTITY = "iPhone Developer";
				COPY_PHASE_STRIP = NO;
				DEBUG_INFORMATION_FORMAT = "dwarf-with-dsym";
				ENABLE_NS_ASSERTIONS = NO;
				ENABLE_STRICT_OBJC_MSGSEND = YES;
				GCC_C_LANGUAGE_STANDARD = gnu11;
				GCC_NO_COMMON_BLOCKS = YES;
				GCC_WARN_64_TO_32_BIT_CONVERSION = YES;
				GCC_WARN_ABOUT_RETURN_TYPE = YES_ERROR;
				GCC_WARN_UNDECLARED_SELECTOR = YES;
				GCC_WARN_UNINITIALIZED_AUTOS = YES_AGGRESSIVE;
				GCC_WARN_UNUSED_FUNCTION = YES;
				GCC_WARN_UNUSED_VARIABLE = YES;
				IPHONEOS_DEPLOYMENT_TARGET = 11.2;
				MTL_ENABLE_DEBUG_INFO = NO;
				SDKROOT = iphoneos;
				VALIDATE_PRODUCT = YES;
			};
			name = Release;
		};
		5C15D5C72048E1F200CD5580 /* Debug */ = {
			isa = XCBuildConfiguration;
			buildSettings = {
				ASSETCATALOG_COMPILER_APPICON_NAME = AppIcon;
				CODE_SIGN_STYLE = Automatic;
				INFOPLIST_FILE = GetNowTime/Info.plist;
				LD_RUNPATH_SEARCH_PATHS = "$(inherited) @executable_path/Frameworks";
				PRODUCT_BUNDLE_IDENTIFIER = com.VRSTT.aoliliya.GetNowTime;
				PRODUCT_NAME = "$(TARGET_NAME)";
				TARGETED_DEVICE_FAMILY = "1,2";
			};
			name = Debug;
		};
		5C15D5C82048E1F200CD5580 /* Release */ = {
			isa = XCBuildConfiguration;
			buildSettings = {
				ASSETCATALOG_COMPILER_APPICON_NAME = AppIcon;
				CODE_SIGN_STYLE = Automatic;
				INFOPLIST_FILE = GetNowTime/Info.plist;
				LD_RUNPATH_SEARCH_PATHS = "$(inherited) @executable_path/Frameworks";
				PRODUCT_BUNDLE_IDENTIFIER = com.VRSTT.aoliliya.GetNowTime;
				PRODUCT_NAME = "$(TARGET_NAME)";
				TARGETED_DEVICE_FAMILY = "1,2";
			};
			name = Release;
		};
		5C15D5CA2048E1F200CD5580 /* Debug */ = {
			isa = XCBuildConfiguration;
			buildSettings = {
				BUNDLE_LOADER = "$(TEST_HOST)";
				CODE_SIGN_STYLE = Automatic;
				INFOPLIST_FILE = GetNowTimeTests/Info.plist;
				LD_RUNPATH_SEARCH_PATHS = "$(inherited) @executable_path/Frameworks @loader_path/Frameworks";
				PRODUCT_BUNDLE_IDENTIFIER = com.VRSTT.aoliliya.GetNowTimeTests;
				PRODUCT_NAME = "$(TARGET_NAME)";
				TARGETED_DEVICE_FAMILY = "1,2";
				TEST_HOST = "$(BUILT_PRODUCTS_DIR)/GetNowTime.app/GetNowTime";
			};
			name = Debug;
		};
		5C15D5CB2048E1F200CD5580 /* Release */ = {
			isa = XCBuildConfiguration;
			buildSettings = {
				BUNDLE_LOADER = "$(TEST_HOST)";
				CODE_SIGN_STYLE = Automatic;
				INFOPLIST_FILE = GetNowTimeTests/Info.plist;
				LD_RUNPATH_SEARCH_PATHS = "$(inherited) @executable_path/Frameworks @loader_path/Frameworks";
				PRODUCT_BUNDLE_IDENTIFIER = com.VRSTT.aoliliya.GetNowTimeTests;
				PRODUCT_NAME = "$(TARGET_NAME)";
				TARGETED_DEVICE_FAMILY = "1,2";
				TEST_HOST = "$(BUILT_PRODUCTS_DIR)/GetNowTime.app/GetNowTime";
			};
			name = Release;
		};
		5C15D5CD2048E1F200CD5580 /* Debug */ = {
			isa = XCBuildConfiguration;
			buildSettings = {
				CODE_SIGN_STYLE = Automatic;
				INFOPLIST_FILE = GetNowTimeUITests/Info.plist;
				LD_RUNPATH_SEARCH_PATHS = "$(inherited) @executable_path/Frameworks @loader_path/Frameworks";
				PRODUCT_BUNDLE_IDENTIFIER = com.VRSTT.aoliliya.GetNowTimeUITests;
				PRODUCT_NAME = "$(TARGET_NAME)";
				TARGETED_DEVICE_FAMILY = "1,2";
				TEST_TARGET_NAME = GetNowTime;
			};
			name = Debug;
		};
		5C15D5CE2048E1F200CD5580 /* Release */ = {
			isa = XCBuildConfiguration;
			buildSettings = {
				CODE_SIGN_STYLE = Automatic;
				INFOPLIST_FILE = GetNowTimeUITests/Info.plist;
				LD_RUNPATH_SEARCH_PATHS = "$(inherited) @executable_path/Frameworks @loader_path/Frameworks";
				PRODUCT_BUNDLE_IDENTIFIER = com.VRSTT.aoliliya.GetNowTimeUITests;
				PRODUCT_NAME = "$(TARGET_NAME)";
				TARGETED_DEVICE_FAMILY = "1,2";
				TEST_TARGET_NAME = GetNowTime;
			};
			name = Release;
		};
/* End XCBuildConfiguration section */

/* Begin XCConfigurationList section */
		5C15D5952048E1F200CD5580 /* Build configuration list for PBXProject "GetNowTime" */ = {
			isa = XCConfigurationList;
			buildConfigurations = (
				5C15D5C42048E1F200CD5580 /* Debug */,
				5C15D5C52048E1F200CD5580 /* Release */,
			);
			defaultConfigurationIsVisible = 0;
			defaultConfigurationName = Release;
		};
		5C15D5C62048E1F200CD5580 /* Build configuration list for PBXNativeTarget "GetNowTime" */ = {
			isa = XCConfigurationList;
			buildConfigurations = (
				5C15D5C72048E1F200CD5580 /* Debug */,
				5C15D5C82048E1F200CD5580 /* Release */,
			);
			defaultConfigurationIsVisible = 0;
			defaultConfigurationName = Release;
		};
		5C15D5C92048E1F200CD5580 /* Build configuration list for PBXNativeTarget "GetNowTimeTests" */ = {
			isa = XCConfigurationList;
			buildConfigurations = (
				5C15D5CA2048E1F200CD5580 /* Debug */,
				5C15D5CB2048E1F200CD5580 /* Release */,
			);
			defaultConfigurationIsVisible = 0;
			defaultConfigurationName = Release;
		};
		5C15D5CC2048E1F200CD5580 /* Build configuration list for PBXNativeTarget "GetNowTimeUITests" */ = {
			isa = XCConfigurationList;
			buildConfigurations = (
				5C15D5CD2048E1F200CD5580 /* Debug */,
				5C15D5CE2048E1F200CD5580 /* Release */,
			);
			defaultConfigurationIsVisible = 0;
			defaultConfigurationName = Release;
		};
/* End XCConfigurationList section */
	};
	rootObject = 5C15D5922048E1F200CD5580 /* Project object */;
}
